
Microsoft Visual Studio Solution File, Format Version 12.00
# Visual Studio Version 16
VisualStudioVersion = 25.0.1705.6
MinimumVisualStudioVersion = 10.0.40219.1
Project("{FAE04EC0-301F-11D3-BF4B-00C04F79EFBC}") = "TyketJson", "TyketJson\TyketJson.csproj", "{02C4A121-AC6B-451C-9107-47E13D442D32}"
EndProject
Global
	GlobalSection(SolutionConfigurationPlatforms) = preSolution
		Debug|Any CPU = Debug|Any CPU
		Release|Any CPU = Release|Any CPU
	EndGlobalSection
	GlobalSection(ProjectConfigurationPlatforms) = postSolution
		{02C4A121-AC6B-451C-9107-47E13D442D32}.Debug|Any CPU.ActiveCfg = Debug|Any CPU
		{02C4A121-AC6B-451C-9107-47E13D442D32}.Debug|Any CPU.Build.0 = Debug|Any CPU
		{02C4A121-AC6B-451C-9107-47E13D442D32}.Release|Any CPU.ActiveCfg = Release|Any CPU
		{02C4A121-AC6B-451C-9107-47E13D442D32}.Release|Any CPU.Build.0 = Release|Any CPU
	EndGlobalSection
	GlobalSection(SolutionProperties) = preSolution
		HideSolutionNode = FALSE
	EndGlobalSection
	GlobalSection(ExtensibilityGlobals) = postSolution
		SolutionGuid = {699FE11B-11EE-431D-A458-00091823BB81}
	EndGlobalSection
EndGlobal
